
Microsoft Visual Studio Solution File, Format Version 12.00
# Visual Studio 15
VisualStudioVersion = 15.0.28307.329
MinimumVisualStudioVersion = 10.0.40219.1
Project("{FAE04EC0-301F-11D3-BF4B-00C04F79EFBC}") = "DemoCenter.Forms.Android", "DemoCenter.Forms.Android\DemoCenter.Forms.Android.csproj", "{24CE3C36-16B9-426D-AA0C-5961ECF8D88C}"
EndProject
Project("{FAE04EC0-301F-11D3-BF4B-00C04F79EFBC}") = "DemoCenter.Forms.iOS", "DemoCenter.Forms.iOS\DemoCenter.Forms.iOS.csproj", "{27FA83D3-FBC9-4622-89B9-2C852E3027E6}"
EndProject
Project("{9A19103F-16F7-4668-BE54-9A1E7A4F7556}") = "DemoCenter.Forms", "DemoCenter.Forms\DemoCenter.Forms.csproj", "{40CCB143-152E-41CC-9302-F8E8D8125E4F}"
EndProject
Global
	GlobalSection(SolutionConfigurationPlatforms) = preSolution
		Debug|Any CPU = Debug|Any CPU
		Debug|iPhone = Debug|iPhone
		Debug|iPhoneSimulator = Debug|iPhoneSimulator
		Release|Any CPU = Release|Any CPU
		Release|iPhone = Release|iPhone
		Release|iPhoneSimulator = Release|iPhoneSimulator
	EndGlobalSection
	GlobalSection(ProjectConfigurationPlatforms) = postSolution
		{24CE3C36-16B9-426D-AA0C-5961ECF8D88C}.Debug|Any CPU.ActiveCfg = Debug|Any CPU
		{24CE3C36-16B9-426D-AA0C-5961ECF8D88C}.Debug|Any CPU.Build.0 = Debug|Any CPU
		{24CE3C36-16B9-426D-AA0C-5961ECF8D88C}.Debug|Any CPU.Deploy.0 = Debug|Any CPU
		{24CE3C36-16B9-426D-AA0C-5961ECF8D88C}.Debug|iPhone.ActiveCfg = Debug|Any CPU
		{24CE3C36-16B9-426D-AA0C-5961ECF8D88C}.Debug|iPhone.Build.0 = Debug|Any CPU
		{24CE3C36-16B9-426D-AA0C-5961ECF8D88C}.Debug|iPhone.Deploy.0 = Debug|Any CPU
		{24CE3C36-16B9-426D-AA0C-5961ECF8D88C}.Debug|iPhoneSimulator.ActiveCfg = Debug|Any CPU
		{24CE3C36-16B9-426D-AA0C-5961ECF8D88C}.Debug|iPhoneSimulator.Build.0 = Debug|Any CPU
		{24CE3C36-16B9-426D-AA0C-5961ECF8D88C}.Debug|iPhoneSimulator.Deploy.0 = Debug|Any CPU
		{24CE3C36-16B9-426D-AA0C-5961ECF8D88C}.Release|Any CPU.ActiveCfg = Release|Any CPU
		{24CE3C36-16B9-426D-AA0C-5961ECF8D88C}.Release|Any CPU.Build.0 = Release|Any CPU
		{24CE3C36-16B9-426D-AA0C-5961ECF8D88C}.Release|Any CPU.Deploy.0 = Release|Any CPU
		{24CE3C36-16B9-426D-AA0C-5961ECF8D88C}.Release|iPhone.ActiveCfg = Release|Any CPU
		{24CE3C36-16B9-426D-AA0C-5961ECF8D88C}.Release|iPhone.Build.0 = Release|Any CPU
		{24CE3C36-16B9-426D-AA0C-5961ECF8D88C}.Release|iPhone.Deploy.0 = Release|Any CPU
		{24CE3C36-16B9-426D-AA0C-5961ECF8D88C}.Release|iPhoneSimulator.ActiveCfg = Release|Any CPU
		{24CE3C36-16B9-426D-AA0C-5961ECF8D88C}.Release|iPhoneSimulator.Build.0 = Release|Any CPU
		{24CE3C36-16B9-426D-AA0C-5961ECF8D88C}.Release|iPhoneSimulator.Deploy.0 = Release|Any CPU
		{27FA83D3-FBC9-4622-89B9-2C852E3027E6}.Debug|Any CPU.ActiveCfg = Debug|iPhoneSimulator
		{27FA83D3-FBC9-4622-89B9-2C852E3027E6}.Debug|Any CPU.Build.0 = Debug|iPhoneSimulator
		{27FA83D3-FBC9-4622-89B9-2C852E3027E6}.Debug|Any CPU.Deploy.0 = Debug|iPhoneSimulator
		{27FA83D3-FBC9-4622-89B9-2C852E3027E6}.Debug|iPhone.ActiveCfg = Debug|iPhone
		{27FA83D3-FBC9-4622-89B9-2C852E3027E6}.Debug|iPhone.Build.0 = Debug|iPhone
		{27FA83D3-FBC9-4622-89B9-2C852E3027E6}.Debug|iPhone.Deploy.0 = Debug|iPhone
		{27FA83D3-FBC9-4622-89B9-2C852E3027E6}.Debug|iPhoneSimulator.ActiveCfg = Debug|iPhoneSimulator
		{27FA83D3-FBC9-4622-89B9-2C852E3027E6}.Debug|iPhoneSimulator.Build.0 = Debug|iPhoneSimulator
		{27FA83D3-FBC9-4622-89B9-2C852E3027E6}.Debug|iPhoneSimulator.Deploy.0 = Debug|iPhoneSimulator
		{27FA83D3-FBC9-4622-89B9-2C852E3027E6}.Release|Any CPU.ActiveCfg = Release|iPhone
		{27FA83D3-FBC9-4622-89B9-2C852E3027E6}.Release|Any CPU.Build.0 = Release|iPhone
		{27FA83D3-FBC9-4622-89B9-2C852E3027E6}.Release|Any CPU.Deploy.0 = Release|iPhone
		{27FA83D3-FBC9-4622-89B9-2C852E3027E6}.Release|iPhone.ActiveCfg = Release|iPhone
		{27FA83D3-FBC9-4622-89B9-2C852E3027E6}.Release|iPhone.Build.0 = Release|iPhone
		{27FA83D3-FBC9-4622-89B9-2C852E3027E6}.Release|iPhone.Deploy.0 = Release|iPhone
		{27FA83D3-FBC9-4622-89B9-2C852E3027E6}.Release|iPhoneSimulator.ActiveCfg = Release|iPhoneSimulator
		{27FA83D3-FBC9-4622-89B9-2C852E3027E6}.Release|iPhoneSimulator.Build.0 = Release|iPhoneSimulator
		{27FA83D3-FBC9-4622-89B9-2C852E3027E6}.Release|iPhoneSimulator.Deploy.0 = Release|iPhoneSimulator
		{40CCB143-152E-41CC-9302-F8E8D8125E4F}.Debug|Any CPU.ActiveCfg = Debug|Any CPU
		{40CCB143-152E-41CC-9302-F8E8D8125E4F}.Debug|Any CPU.Build.0 = Debug|Any CPU
		{40CCB143-152E-41CC-9302-F8E8D8125E4F}.Debug|Any CPU.Deploy.0 = Debug|Any CPU
		{40CCB143-152E-41CC-9302-F8E8D8125E4F}.Debug|iPhone.ActiveCfg = Debug|Any CPU
		{40CCB143-152E-41CC-9302-F8E8D8125E4F}.Debug|iPhone.Build.0 = Debug|Any CPU
		{40CCB143-152E-41CC-9302-F8E8D8125E4F}.Debug|iPhone.Deploy.0 = Debug|Any CPU
		{40CCB143-152E-41CC-9302-F8E8D8125E4F}.Debug|iPhoneSimulator.ActiveCfg = Debug|Any CPU
		{40CCB143-152E-41CC-9302-F8E8D8125E4F}.Debug|iPhoneSimulator.Build.0 = Debug|Any CPU
		{40CCB143-152E-41CC-9302-F8E8D8125E4F}.Debug|iPhoneSimulator.Deploy.0 = Debug|Any CPU
		{40CCB143-152E-41CC-9302-F8E8D8125E4F}.Release|Any CPU.ActiveCfg = Release|Any CPU
		{40CCB143-152E-41CC-9302-F8E8D8125E4F}.Release|Any CPU.Build.0 = Release|Any CPU
		{40CCB143-152E-41CC-9302-F8E8D8125E4F}.Release|Any CPU.Deploy.0 = Release|Any CPU
		{40CCB143-152E-41CC-9302-F8E8D8125E4F}.Release|iPhone.ActiveCfg = Release|Any CPU
		{40CCB143-152E-41CC-9302-F8E8D8125E4F}.Release|iPhone.Build.0 = Release|Any CPU
		{40CCB143-152E-41CC-9302-F8E8D8125E4F}.Release|iPhone.Deploy.0 = Release|Any CPU
		{40CCB143-152E-41CC-9302-F8E8D8125E4F}.Release|iPhoneSimulator.ActiveCfg = Release|Any CPU
		{40CCB143-152E-41CC-9302-F8E8D8125E4F}.Release|iPhoneSimulator.Build.0 = Release|Any CPU
		{40CCB143-152E-41CC-9302-F8E8D8125E4F}.Release|iPhoneSimulator.Deploy.0 = Release|Any CPU
	EndGlobalSection
	GlobalSection(SolutionProperties) = preSolution
		HideSolutionNode = FALSE
	EndGlobalSection
	GlobalSection(ExtensibilityGlobals) = postSolution
		SolutionGuid = {C62BE37E-94C2-47D0-A507-ADBF1E6BBD9F}
	EndGlobalSection
EndGlobal
